<?xml version="1.0" encoding="UTF-8"?>
<CONFIG>
  <ProjectOptions>
    <Version Value="11"/>
    <PathDelim Value="\"/>
    <General>
      <SessionStorage Value="InProjectDir"/>
      <MainUnit Value="0"/>
      <Title Value="Pampa"/>
      <Scaled Value="True"/>
      <ResourceType Value="res"/>
      <UseXPManifest Value="True"/>
      <XPManifest>
        <DpiAware Value="True"/>
        <TextName Value="LWH.Pampa"/>
        <TextDesc Value="Planification"/>
      </XPManifest>
      <Icon Value="0"/>
    </General>
    <LazDoc Paths="FPdoc"/>
    <i18n>
      <EnableI18N Value="True"/>
      <OutDir Value="lang"/>
    </i18n>
    <VersionInfo>
      <UseVersionInfo Value="True"/>
      <Language Value="040C"/>
      <Attributes pvaDebug="True"/>
      <StringTable CompanyName="LWH" InternalName="Pampa" ProductName="Pampa"/>
    </VersionInfo>
    <BuildModes Count="1">
      <Item1 Name="Default" Default="True"/>
    </BuildModes>
    <PublishOptions>
      <Version Value="2"/>
      <UseFileFilters Value="True"/>
    </PublishOptions>
    <RunParams>
      <FormatVersion Value="2"/>
      <Modes Count="0"/>
    </RunParams>
    <RequiredPackages Count="10">
      <Item1>
        <PackageName Value="laz_fpspreadsheet_visual"/>
      </Item1>
      <Item2>
        <PackageName Value="zcomponent"/>
      </Item2>
      <Item3>
        <PackageName Value="DateTimeCtrls"/>
      </Item3>
      <Item4>
        <PackageName Value="virtualtreeview_package"/>
      </Item4>
      <Item5>
        <PackageName Value="SynEdit"/>
      </Item5>
      <Item6>
        <PackageName Value="pl_Graphics32"/>
      </Item6>
      <Item7>
        <PackageName Value="LazControls"/>
      </Item7>
      <Item8>
        <PackageName Value="MemDSLaz"/>
      </Item8>
      <Item9>
        <PackageName Value="FCL"/>
      </Item9>
      <Item10>
        <PackageName Value="LCL"/>
      </Item10>
    </RequiredPackages>
    <Units Count="23">
      <Unit0>
        <Filename Value="Pampa.lpr"/>
        <IsPartOfProject Value="True"/>
      </Unit0>
      <Unit1>
        <Filename Value="main.pas"/>
        <IsPartOfProject Value="True"/>
        <ComponentName Value="MainForm"/>
        <HasResources Value="True"/>
        <ResourceBaseClass Value="Form"/>
        <UnitName Value="Main"/>
      </Unit1>
      <Unit2>
        <Filename Value="dataaccess.pas"/>
        <IsPartOfProject Value="True"/>
        <ComponentName Value="MainData"/>
        <HasResources Value="True"/>
        <ResourceBaseClass Value="DataModule"/>
        <UnitName Value="DataAccess"/>
      </Unit2>
      <Unit3>
        <Filename Value="dintervenant.pas"/>
        <IsPartOfProject Value="True"/>
        <ComponentName Value="Intervenant"/>
        <HasResources Value="True"/>
        <ResourceBaseClass Value="DataModule"/>
        <UnitName Value="Dintervenant"/>
      </Unit3>
      <Unit4>
        <Filename Value="frechintervenant.pas"/>
        <IsPartOfProject Value="True"/>
        <ComponentName Value="RechIntervenant"/>
        <HasResources Value="True"/>
        <ResourceBaseClass Value="Form"/>
        <UnitName Value="FRechIntervenant"/>
      </Unit4>
      <Unit5>
        <Filename Value="da_table.pas"/>
        <IsPartOfProject Value="True"/>
        <ComponentName Value="DA_table"/>
        <HasResources Value="True"/>
        <ResourceBaseClass Value="DataModule"/>
        <UnitName Value="DA_table"/>
      </Unit5>
      <Unit6>
        <Filename Value="uexception.pas"/>
        <IsPartOfProject Value="True"/>
        <ComponentName Value="FException"/>
        <HasResources Value="True"/>
        <ResourceBaseClass Value="Form"/>
        <UnitName Value="UException"/>
      </Unit6>
      <Unit7>
        <Filename Value="fru_intervenant.pas"/>
        <IsPartOfProject Value="True"/>
        <ComponentName Value="Fr_Intervenant"/>
        <HasResources Value="True"/>
        <ResourceBaseClass Value="Form"/>
        <UnitName Value="Fru_intervenant"/>
      </Unit7>
      <Unit8>
        <Filename Value="uhistomanager.pas"/>
        <IsPartOfProject Value="True"/>
        <UnitName Value="UHistoManager"/>
      </Unit8>
      <Unit9>
        <Filename Value="ressourcesstrings.pas"/>
        <IsPartOfProject Value="True"/>
        <UnitName Value="RessourcesStrings"/>
      </Unit9>
      <Unit10>
        <Filename Value="fru_planning.pas"/>
        <IsPartOfProject Value="True"/>
        <ComponentName Value="Fr_planning"/>
        <HasResources Value="True"/>
        <ResourceBaseClass Value="Frame"/>
        <UnitName Value="Fru_planning"/>
      </Unit10>
      <Unit11>
        <Filename Value="ufbdd.pas"/>
        <IsPartOfProject Value="True"/>
        <ComponentName Value="Fbdd"/>
        <HasResources Value="True"/>
        <ResourceBaseClass Value="Form"/>
        <UnitName Value="UFbdd"/>
      </Unit11>
      <Unit12>
        <Filename Value="utw_tab.pas"/>
        <IsPartOfProject Value="True"/>
        <ComponentName Value="W_Tab"/>
        <HasResources Value="True"/>
        <ResourceBaseClass Value="Form"/>
        <UnitName Value="UTW_Tab"/>
      </Unit12>
      <Unit13>
        <Filename Value="ufhistosup.pas"/>
        <IsPartOfProject Value="True"/>
        <ComponentName Value="FHistoSup"/>
        <HasResources Value="True"/>
        <ResourceBaseClass Value="Form"/>
      </Unit13>
      <Unit14>
        <Filename Value="ufbookmark.pas"/>
        <IsPartOfProject Value="True"/>
        <ComponentName Value="FBookmark"/>
        <HasResources Value="True"/>
        <ResourceBaseClass Value="Form"/>
        <UnitName Value="UFbookmark"/>
      </Unit14>
      <Unit15>
        <Filename Value="ufr_histo.pas"/>
        <IsPartOfProject Value="True"/>
        <ComponentName Value="Fr_Histo"/>
        <HasResources Value="True"/>
        <ResourceBaseClass Value="Frame"/>
        <UnitName Value="UFr_histo"/>
      </Unit15>
      <Unit16>
        <Filename Value="datapanel.pas"/>
        <IsPartOfProject Value="True"/>
        <UnitName Value="DataPanel"/>
      </Unit16>
      <Unit17>
        <Filename Value="ufcustomdp.pas"/>
        <IsPartOfProject Value="True"/>
        <ComponentName Value="FCustomDP"/>
        <HasResources Value="True"/>
        <ResourceBaseClass Value="Form"/>
        <UnitName Value="UFCustomDp"/>
      </Unit17>
      <Unit18>
        <Filename Value="ucfg_table.pas"/>
        <IsPartOfProject Value="True"/>
        <ComponentName Value="FCfg_Table"/>
        <HasResources Value="True"/>
        <ResourceBaseClass Value="Form"/>
        <UnitName Value="UCfg_table"/>
      </Unit18>
      <Unit19>
        <Filename Value="ufcnx.pas"/>
        <IsPartOfProject Value="True"/>
        <ComponentName Value="FCnx"/>
        <HasResources Value="True"/>
        <ResourceBaseClass Value="Form"/>
        <UnitName Value="UFcnx"/>
      </Unit19>
      <Unit20>
        <Filename Value="dcustomer.pas"/>
        <IsPartOfProject Value="True"/>
        <ComponentName Value="Customer"/>
        <HasResources Value="True"/>
        <ResourceBaseClass Value="DataModule"/>
        <UnitName Value="DCustomer"/>
      </Unit20>
      <Unit21>
        <Filename Value="dplanning.pas"/>
        <IsPartOfProject Value="True"/>
        <ComponentName Value="Planning"/>
        <HasResources Value="True"/>
        <ResourceBaseClass Value="DataModule"/>
        <UnitName Value="DPlanning"/>
      </Unit21>
      <Unit22>
        <Filename Value="uf_planning_01.pas"/>
        <IsPartOfProject Value="True"/>
        <ComponentName Value="F_planning_01"/>
        <HasResources Value="True"/>
        <ResourceBaseClass Value="Form"/>
        <UnitName Value="UF_planning_01"/>
      </Unit22>
    </Units>
  </ProjectOptions>
  <CompilerOptions>
    <Version Value="11"/>
    <PathDelim Value="\"/>
    <Target>
      <Filename Value=".\win64\Pampa"/>
    </Target>
    <SearchPaths>
      <IncludeFiles Value="$(ProjOutDir)"/>
      <UnitOutputDirectory Value="lib\$(TargetCPU)-$(TargetOS)"/>
    </SearchPaths>
    <Parsing>
      <SyntaxOptions>
        <IncludeAssertionCode Value="True"/>
      </SyntaxOptions>
    </Parsing>
    <CodeGeneration>
      <Checks>
        <IOChecks Value="True"/>
        <RangeChecks Value="True"/>
        <OverflowChecks Value="True"/>
        <StackChecks Value="True"/>
      </Checks>
      <VerifyObjMethodCallValidity Value="True"/>
      <Optimizations>
        <OptimizationLevel Value="0"/>
      </Optimizations>
    </CodeGeneration>
    <Linking>
      <Debugging>
        <UseHeaptrc Value="True"/>
      </Debugging>
      <Options>
        <Win32>
          <GraphicApplication Value="True"/>
        </Win32>
      </Options>
    </Linking>
    <Other>
      <Verbosity>
        <ShowHintsForUnusedUnitsInMainSrc Value="True"/>
      </Verbosity>
      <CompilerMessages>
        <IgnoredMessages idx5024="True"/>
      </CompilerMessages>
      <CustomOptions Value="-dDEBUG"/>
    </Other>
  </CompilerOptions>
  <Debugging>
    <Exceptions Count="5">
      <Item1>
        <Name Value="EAbort"/>
      </Item1>
      <Item2>
        <Name Value="ECodetoolError"/>
      </Item2>
      <Item3>
        <Name Value="EFOpenError"/>
      </Item3>
      <Item4>
        <Name Value="EODBCException"/>
      </Item4>
      <Item5>
        <Name Value="EDatabaseError"/>
      </Item5>
    </Exceptions>
  </Debugging>
</CONFIG>
